// !$*UTF8*$!
{
	archiveVersion = 1;
	classes = {
	};
	objectVersion = 50;
	objects = {

/* Begin PBXBuildFile section */
		EE63AB372135A0380076D6EE /* AppDelegate.swift in Sources */ = {isa = PBXBuildFile; fileRef = EE63AB362135A0380076D6EE /* AppDelegate.swift */; };
		EE63AB392135A0380076D6EE /* ViewController.swift in Sources */ = {isa = PBXBuildFile; fileRef = EE63AB382135A0380076D6EE /* ViewController.swift */; };
		EE63AB3C2135A0380076D6EE /* Main.storyboard in Resources */ = {isa = PBXBuildFile; fileRef = EE63AB3A2135A0380076D6EE /* Main.storyboard */; };
		EE63AB3E2135A0390076D6EE /* Assets.xcassets in Resources */ = {isa = PBXBuildFile; fileRef = EE63AB3D2135A0390076D6EE /* Assets.xcassets */; };
		EE63AB412135A0390076D6EE /* LaunchScreen.storyboard in Resources */ = {isa = PBXBuildFile; fileRef = EE63AB3F2135A0390076D6EE /* LaunchScreen.storyboard */; };
		EEAE45A62167CCFF0024D573 /* KotlinChartDataParser.framework in Frameworks */ = {isa = PBXBuildFile; fileRef = EEAE45A22167CCAA0024D573 /* KotlinChartDataParser.framework */; };
		EEAE45A72167CCFF0024D573 /* KotlinChartDataParser.framework in Embed Frameworks */ = {isa = PBXBuildFile; fileRef = EEAE45A22167CCAA0024D573 /* KotlinChartDataParser.framework */; settings = {ATTRIBUTES = (CodeSignOnCopy, RemoveHeadersOnCopy, ); }; };
/* End PBXBuildFile section */

/* Begin PBXCopyFilesBuildPhase section */
		EEAE45A82167CCFF0024D573 /* Embed Frameworks */ = {
			isa = PBXCopyFilesBuildPhase;
			buildActionMask = 2147483647;
			dstPath = "";
			dstSubfolderSpec = 10;
			files = (
				EEAE45A72167CCFF0024D573 /* KotlinChartDataParser.framework in Embed Frameworks */,
			);
			name = "Embed Frameworks";
			runOnlyForDeploymentPostprocessing = 0;
		};
/* End PBXCopyFilesBuildPhase section */

/* Begin PBXFileReference section */
		EE63AB332135A0380076D6EE /* jsonparserdemo.app */ = {isa = PBXFileReference; explicitFileType = wrapper.application; includeInIndex = 0; path = jsonparserdemo.app; sourceTree = BUILT_PRODUCTS_DIR; };
		EE63AB362135A0380076D6EE /* AppDelegate.swift */ = {isa = PBXFileReference; lastKnownFileType = sourcecode.swift; path = AppDelegate.swift; sourceTree = "<group>"; };
		EE63AB382135A0380076D6EE /* ViewController.swift */ = {isa = PBXFileReference; lastKnownFileType = sourcecode.swift; path = ViewController.swift; sourceTree = "<group>"; };
		EE63AB3B2135A0380076D6EE /* Base */ = {isa = PBXFileReference; lastKnownFileType = file.storyboard; name = Base; path = Base.lproj/Main.storyboard; sourceTree = "<group>"; };
		EE63AB3D2135A0390076D6EE /* Assets.xcassets */ = {isa = PBXFileReference; lastKnownFileType = folder.assetcatalog; path = Assets.xcassets; sourceTree = "<group>"; };
		EE63AB402135A0390076D6EE /* Base */ = {isa = PBXFileReference; lastKnownFileType = file.storyboard; name = Base; path = Base.lproj/LaunchScreen.storyboard; sourceTree = "<group>"; };
		EE63AB422135A0390076D6EE /* Info.plist */ = {isa = PBXFileReference; lastKnownFileType = text.plist.xml; path = Info.plist; sourceTree = "<group>"; };
		EEAE45A22167CCAA0024D573 /* KotlinChartDataParser.framework */ = {isa = PBXFileReference; lastKnownFileType = wrapper.framework; name = KotlinChartDataParser.framework; path = jsonparserdemo/KotlinChartDataParser.framework; sourceTree = "<group>"; };
/* End PBXFileReference section */

/* Begin PBXFrameworksBuildPhase section */
		EE63AB302135A0380076D6EE /* Frameworks */ = {
			isa = PBXFrameworksBuildPhase;
			buildActionMask = 2147483647;
			files = (
				EEAE45A62167CCFF0024D573 /* KotlinChartDataParser.framework in Frameworks */,
			);
			runOnlyForDeploymentPostprocessing = 0;
		};
/* End PBXFrameworksBuildPhase section */

/* Begin PBXGroup section */
		EE63AB2A2135A0380076D6EE = {
			isa = PBXGroup;
			children = (
				EEAE45A22167CCAA0024D573 /* KotlinChartDataParser.framework */,
				EE63AB352135A0380076D6EE /* jsonparserdemo */,
				EE63AB342135A0380076D6EE /* Products */,
			);
			sourceTree = "<group>";
		};
		EE63AB342135A0380076D6EE /* Products */ = {
			isa = PBXGroup;
			children = (
				EE63AB332135A0380076D6EE /* jsonparserdemo.app */,
			);
			name = Products;
			sourceTree = "<group>";
		};
		EE63AB352135A0380076D6EE /* jsonparserdemo */ = {
			isa = PBXGroup;
			children = (
				EE63AB362135A0380076D6EE /* AppDelegate.swift */,
				EE63AB382135A0380076D6EE /* ViewController.swift */,
				EE63AB3A2135A0380076D6EE /* Main.storyboard */,
				EE63AB3D2135A0390076D6EE /* Assets.xcassets */,
				EE63AB3F2135A0390076D6EE /* LaunchScreen.storyboard */,
				EE63AB422135A0390076D6EE /* Info.plist */,
			);
			path = jsonparserdemo;
			sourceTree = "<group>";
		};
/* End PBXGroup section */

/* Begin PBXNativeTarget section */
		EE63AB322135A0380076D6EE /* jsonparserdemo */ = {
			isa = PBXNativeTarget;
			buildConfigurationList = EE63AB452135A0390076D6EE /* Build configuration list for PBXNativeTarget "jsonparserdemo" */;
			buildPhases = (
				EE63AB2F2135A0380076D6EE /* Sources */,
				EE63AB302135A0380076D6EE /* Frameworks */,
				EE63AB312135A0380076D6EE /* Resources */,
				EEAE45A82167CCFF0024D573 /* Embed Frameworks */,
			);
			buildRules = (
			);
			dependencies = (
			);
			name = jsonparserdemo;
			productName = jsonparserdemo;
			productReference = EE63AB332135A0380076D6EE /* jsonparserdemo.app */;
			productType = "com.apple.product-type.application";
		};
/* End PBXNativeTarget section */

/* Begin PBXProject section */
		EE63AB2B2135A0380076D6EE /* Project object */ = {
			isa = PBXProject;
			attributes = {
				LastSwiftUpdateCheck = 0940;
				LastUpgradeCheck = 0940;
				ORGANIZATIONNAME = Demo;
				TargetAttributes = {
					EE63AB322135A0380076D6EE = {
						CreatedOnToolsVersion = 9.4.1;
					};
				};
			};
			buildConfigurationList = EE63AB2E2135A0380076D6EE /* Build configuration list for PBXProject "jsonparserdemo" */;
			compatibilityVersion = "Xcode 9.3";
			developmentRegion = en;
			hasScannedForEncodings = 0;
			knownRegions = (
				en,
				Base,
			);
			mainGroup = EE63AB2A2135A0380076D6EE;
			productRefGroup = EE63AB342135A0380076D6EE /* Products */;
			projectDirPath = "";
			projectRoot = "";
			targets = (
				EE63AB322135A0380076D6EE /* jsonparserdemo */,
			);
		};
/* End PBXProject section */

/* Begin PBXResourcesBuildPhase section */
		EE63AB312135A0380076D6EE /* Resources */ = {
			isa = PBXResourcesBuildPhase;
			buildActionMask = 2147483647;
			files = (
				EE63AB412135A0390076D6EE /* LaunchScreen.storyboard in Resources */,
				EE63AB3E2135A0390076D6EE /* Assets.xcassets in Resources */,
				EE63AB3C2135A0380076D6EE /* Main.storyboard in Resources */,
			);
			runOnlyForDeploymentPostprocessing = 0;
		};
/* End PBXResourcesBuildPhase section */

/* Begin PBXSourcesBuildPhase section */
		EE63AB2F2135A0380076D6EE /* Sources */ = {
			isa = PBXSourcesBuildPhase;
			buildActionMask = 2147483647;
			files = (
				EE63AB392135A0380076D6EE /* ViewController.swift in Sources */,
				EE63AB372135A0380076D6EE /* AppDelegate.swift in Sources */,
			);
			runOnlyForDeploymentPostprocessing = 0;
		};
/* End PBXSourcesBuildPhase section */

/* Begin PBXVariantGroup section */
		EE63AB3A2135A0380076D6EE /* Main.storyboard */ = {
			isa = PBXVariantGroup;
			children = (
				EE63AB3B2135A0380076D6EE /* Base */,
			);
			name = Main.storyboard;
			sourceTree = "<group>";
		};
		EE63AB3F2135A0390076D6EE /* LaunchScreen.storyboard */ = {
			isa = PBXVariantGroup;
			children = (
				EE63AB402135A0390076D6EE /* Base */,
			);
			name = LaunchScreen.storyboard;
			sourceTree = "<group>";
		};
/* End PBXVariantGroup section */

/* Begin XCBuildConfiguration section */
		EE63AB432135A0390076D6EE /* Debug */ = {
			isa = XCBuildConfiguration;
			buildSettings = {
				ALWAYS_SEARCH_USER_PATHS = NO;
				CLANG_ANALYZER_NONNULL = YES;
				CLANG_ANALYZER_NUMBER_OBJECT_CONVERSION = YES_AGGRESSIVE;
				CLANG_CXX_LANGUAGE_STANDARD = "gnu++14";
				CLANG_CXX_LIBRARY = "libc++";
				CLANG_ENABLE_MODULES = YES;
				CLANG_ENABLE_OBJC_ARC = YES;
				CLANG_ENABLE_OBJC_WEAK = YES;
				CLANG_WARN_BLOCK_CAPTURE_AUTORELEASING = YES;
				CLANG_WARN_BOOL_CONVERSION = YES;
				CLANG_WARN_COMMA = YES;
				CLANG_WARN_CONSTANT_CONVERSION = YES;
				CLANG_WARN_DEPRECATED_OBJC_IMPLEMENTATIONS = YES;
				CLANG_WARN_DIRECT_OBJC_ISA_USAGE = YES_ERROR;
				CLANG_WARN_DOCUMENTATION_COMMENTS = YES;
				CLANG_WARN_EMPTY_BODY = YES;
				CLANG_WARN_ENUM_CONVERSION = YES;
				CLANG_WARN_INFINITE_RECURSION = YES;
				CLANG_WARN_INT_CONVERSION = YES;
				CLANG_WARN_NON_LITERAL_NULL_CONVERSION = YES;
				CLANG_WARN_OBJC_IMPLICIT_RETAIN_SELF = YES;
				CLANG_WARN_OBJC_LITERAL_CONVERSION = YES;
				CLANG_WARN_OBJC_ROOT_CLASS = YES_ERROR;
				CLANG_WARN_RANGE_LOOP_ANALYSIS = YES;
				CLANG_WARN_STRICT_PROTOTYPES = YES;
				CLANG_WARN_SUSPICIOUS_MOVE = YES;
				CLANG_WARN_UNGUARDED_AVAILABILITY = YES_AGGRESSIVE;
				CLANG_WARN_UNREACHABLE_CODE = YES;
				CLANG_WARN__DUPLICATE_METHOD_MATCH = YES;
				CODE_SIGN_IDENTITY = "iPhone Developer";
				COPY_PHASE_STRIP = NO;
				DEBUG_INFORMATION_FORMAT = dwarf;
				ENABLE_STRICT_OBJC_MSGSEND = YES;
				ENABLE_TESTABILITY = YES;
				GCC_C_LANGUAGE_STANDARD = gnu11;
				GCC_DYNAMIC_NO_PIC = NO;
				GCC_NO_COMMON_BLOCKS = YES;
				GCC_OPTIMIZATION_LEVEL = 0;
				GCC_PREPROCESSOR_DEFINITIONS = (
					"DEBUG=1",
					"$(inherited)",
				);
				GCC_WARN_64_TO_32_BIT_CONVERSION = YES;
				GCC_WARN_ABOUT_RETURN_TYPE = YES_ERROR;
				GCC_WARN_UNDECLARED_SELECTOR = YES;
				GCC_WARN_UNINITIALIZED_AUTOS = YES_AGGRESSIVE;
				GCC_WARN_UNUSED_FUNCTION = YES;
				GCC_WARN_UNUSED_VARIABLE = YES;
				IPHONEOS_DEPLOYMENT_TARGET = 11.4;
				MTL_ENABLE_DEBUG_INFO = YES;
				ONLY_ACTIVE_ARCH = YES;
				SDKROOT = iphoneos;
				SWIFT_ACTIVE_COMPILATION_CONDITIONS = DEBUG;
				SWIFT_OPTIMIZATION_LEVEL = "-Onone";
			};
			name = Debug;
		};
		EE63AB442135A0390076D6EE /* Release */ = {
			isa = XCBuildConfiguration;
			buildSettings = {
				ALWAYS_SEARCH_USER_PATHS = NO;
				CLANG_ANALYZER_NONNULL = YES;
				CLANG_ANALYZER_NUMBER_OBJECT_CONVERSION = YES_AGGRESSIVE;
				CLANG_CXX_LANGUAGE_STANDARD = "gnu++14";
				CLANG_CXX_LIBRARY = "libc++";
				CLANG_ENABLE_MODULES = YES;
				CLANG_ENABLE_OBJC_ARC = YES;
				CLANG_ENABLE_OBJC_WEAK = YES;
				CLANG_WARN_BLOCK_CAPTURE_AUTORELEASING = YES;
				CLANG_WARN_BOOL_CONVERSION = YES;
				CLANG_WARN_COMMA = YES;
				CLANG_WARN_CONSTANT_CONVERSION = YES;
				CLANG_WARN_DEPRECATED_OBJC_IMPLEMENTATIONS = YES;
				CLANG_WARN_DIRECT_OBJC_ISA_USAGE = YES_ERROR;
				CLANG_WARN_DOCUMENTATION_COMMENTS = YES;
				CLANG_WARN_EMPTY_BODY = YES;
				CLANG_WARN_ENUM_CONVERSION = YES;
				CLANG_WARN_INFINITE_RECURSION = YES;
				CLANG_WARN_INT_CONVERSION = YES;
				CLANG_WARN_NON_LITERAL_NULL_CONVERSION = YES;
				CLANG_WARN_OBJC_IMPLICIT_RETAIN_SELF = YES;
				CLANG_WARN_OBJC_LITERAL_CONVERSION = YES;
				CLANG_WARN_OBJC_ROOT_CLASS = YES_ERROR;
				CLANG_WARN_RANGE_LOOP_ANALYSIS = YES;
				CLANG_WARN_STRICT_PROTOTYPES = YES;
				CLANG_WARN_SUSPICIOUS_MOVE = YES;
				CLANG_WARN_UNGUARDED_AVAILABILITY = YES_AGGRESSIVE;
				CLANG_WARN_UNREACHABLE_CODE = YES;
				CLANG_WARN__DUPLICATE_METHOD_MATCH = YES;
				CODE_SIGN_IDENTITY = "iPhone Developer";
				COPY_PHASE_STRIP = NO;
				DEBUG_INFORMATION_FORMAT = "dwarf-with-dsym";
				ENABLE_NS_ASSERTIONS = NO;
				ENABLE_STRICT_OBJC_MSGSEND = YES;
				GCC_C_LANGUAGE_STANDARD = gnu11;
				GCC_NO_COMMON_BLOCKS = YES;
				GCC_WARN_64_TO_32_BIT_CONVERSION = YES;
				GCC_WARN_ABOUT_RETURN_TYPE = YES_ERROR;
				GCC_WARN_UNDECLARED_SELECTOR = YES;
				GCC_WARN_UNINITIALIZED_AUTOS = YES_AGGRESSIVE;
				GCC_WARN_UNUSED_FUNCTION = YES;
				GCC_WARN_UNUSED_VARIABLE = YES;
				IPHONEOS_DEPLOYMENT_TARGET = 11.4;
				MTL_ENABLE_DEBUG_INFO = NO;
				SDKROOT = iphoneos;
				SWIFT_COMPILATION_MODE = wholemodule;
				SWIFT_OPTIMIZATION_LEVEL = "-O";
				VALIDATE_PRODUCT = YES;
			};
			name = Release;
		};
		EE63AB462135A0390076D6EE /* Debug */ = {
			isa = XCBuildConfiguration;
			buildSettings = {
				ASSETCATALOG_COMPILER_APPICON_NAME = AppIcon;
				CODE_SIGN_STYLE = Automatic;
				FRAMEWORK_SEARCH_PATHS = (
					"$(inherited)",
					"$(PROJECT_DIR)/jsonparserdemo",
				);
				INFOPLIST_FILE = jsonparserdemo/Info.plist;
				LD_RUNPATH_SEARCH_PATHS = (
					"$(inherited)",
					"@executable_path/Frameworks",
				);
				PRODUCT_BUNDLE_IDENTIFIER = com.demo.jsonparserdemo;
				PRODUCT_NAME = "$(TARGET_NAME)";
				SWIFT_VERSION = 4.0;
				TARGETED_DEVICE_FAMILY = "1,2";
			};
			name = Debug;
		};
		EE63AB472135A0390076D6EE /* Release */ = {
			isa = XCBuildConfiguration;
			buildSettings = {
				ASSETCATALOG_COMPILER_APPICON_NAME = AppIcon;
				CODE_SIGN_STYLE = Automatic;
				FRAMEWORK_SEARCH_PATHS = (
					"$(inherited)",
					"$(PROJECT_DIR)/jsonparserdemo",
				);
				INFOPLIST_FILE = jsonparserdemo/Info.plist;
				LD_RUNPATH_SEARCH_PATHS = (
					"$(inherited)",
					"@executable_path/Frameworks",
				);
				PRODUCT_BUNDLE_IDENTIFIER = com.demo.jsonparserdemo;
				PRODUCT_NAME = "$(TARGET_NAME)";
				SWIFT_VERSION = 4.0;
				TARGETED_DEVICE_FAMILY = "1,2";
			};
			name = Release;
		};
/* End XCBuildConfiguration section */

/* Begin XCConfigurationList section */
		EE63AB2E2135A0380076D6EE /* Build configuration list for PBXProject "jsonparserdemo" */ = {
			isa = XCConfigurationList;
			buildConfigurations = (
				EE63AB432135A0390076D6EE /* Debug */,
				EE63AB442135A0390076D6EE /* Release */,
			);
			defaultConfigurationIsVisible = 0;
			defaultConfigurationName = Release;
		};
		EE63AB452135A0390076D6EE /* Build configuration list for PBXNativeTarget "jsonparserdemo" */ = {
			isa = XCConfigurationList;
			buildConfigurations = (
				EE63AB462135A0390076D6EE /* Debug */,
				EE63AB472135A0390076D6EE /* Release */,
			);
			defaultConfigurationIsVisible = 0;
			defaultConfigurationName = Release;
		};
/* End XCConfigurationList section */
	};
	rootObject = EE63AB2B2135A0380076D6EE /* Project object */;
}
